
Microsoft Visual Studio Solution File, Format Version 12.00
# Visual Studio Version 17
VisualStudioVersion = 17.0.31903.59
MinimumVisualStudioVersion = 10.0.40219.1
Project("{2150E333-8FDC-42A3-9474-1A3956D46DE8}") = "Backend", "Backend", "{1AE8ACA6-933B-BF2A-3671-3E2EAC007D16}"
EndProject
Project("{FAE04EC0-301F-11D3-BF4B-00C04F79EFBC}") = "BGS.Backend", "Backend\BGS.Backend\BGS.Backend.csproj", "{EC46CFA6-BC8B-4E85-AE64-CA07CB2AE54B}"
EndProject
Project("{2150E333-8FDC-42A3-9474-1A3956D46DE8}") = "GameAbstractions", "GameAbstractions", "{F7E21C50-38C3-3DAB-C982-3FE6F4817CC2}"
EndProject
Project("{FAE04EC0-301F-11D3-BF4B-00C04F79EFBC}") = "BGS.GameAbstractions", "GameAbstractions\BGS.GameAbstractions\BGS.GameAbstractions.csproj", "{61BE30E2-AD96-4F94-B222-EC84BBDCD80E}"
EndProject
Project("{2150E333-8FDC-42A3-9474-1A3956D46DE8}") = "Games", "Games", "{04252BA6-B404-FD3B-81B5-D989EEE58EED}"
EndProject
Project("{2150E333-8FDC-42A3-9474-1A3956D46DE8}") = "Catan", "Catan", "{324C61A4-2DCC-AAC7-3099-12B825B52AE3}"
EndProject
Project("{FAE04EC0-301F-11D3-BF4B-00C04F79EFBC}") = "Catan.Core", "Games\Catan\Catan.Core\Catan.Core.csproj", "{8C7CC3C5-5E19-4F80-B707-4FD90FE947C8}"
EndProject
Project("{FAE04EC0-301F-11D3-BF4B-00C04F79EFBC}") = "Catan.Application", "Games\Catan\Catan.Application\Catan.Application.csproj", "{3D15D051-5A65-42F3-8000-3260F992577C}"
EndProject
Project("{FAE04EC0-301F-11D3-BF4B-00C04F79EFBC}") = "Catan.Shared", "Games\Catan\Catan.Shared\Catan.Shared.csproj", "{0F0F279B-60D1-43C3-B8BC-26673365B8C3}"
EndProject
Global
	GlobalSection(SolutionConfigurationPlatforms) = preSolution
		Debug|Any CPU = Debug|Any CPU
		Debug|x64 = Debug|x64
		Debug|x86 = Debug|x86
		Release|Any CPU = Release|Any CPU
		Release|x64 = Release|x64
		Release|x86 = Release|x86
	EndGlobalSection
	GlobalSection(ProjectConfigurationPlatforms) = postSolution
		{EC46CFA6-BC8B-4E85-AE64-CA07CB2AE54B}.Debug|Any CPU.ActiveCfg = Debug|Any CPU
		{EC46CFA6-BC8B-4E85-AE64-CA07CB2AE54B}.Debug|Any CPU.Build.0 = Debug|Any CPU
		{EC46CFA6-BC8B-4E85-AE64-CA07CB2AE54B}.Debug|x64.ActiveCfg = Debug|Any CPU
		{EC46CFA6-BC8B-4E85-AE64-CA07CB2AE54B}.Debug|x64.Build.0 = Debug|Any CPU
		{EC46CFA6-BC8B-4E85-AE64-CA07CB2AE54B}.Debug|x86.ActiveCfg = Debug|Any CPU
		{EC46CFA6-BC8B-4E85-AE64-CA07CB2AE54B}.Debug|x86.Build.0 = Debug|Any CPU
		{EC46CFA6-BC8B-4E85-AE64-CA07CB2AE54B}.Release|Any CPU.ActiveCfg = Release|Any CPU
		{EC46CFA6-BC8B-4E85-AE64-CA07CB2AE54B}.Release|Any CPU.Build.0 = Release|Any CPU
		{EC46CFA6-BC8B-4E85-AE64-CA07CB2AE54B}.Release|x64.ActiveCfg = Release|Any CPU
		{EC46CFA6-BC8B-4E85-AE64-CA07CB2AE54B}.Release|x64.Build.0 = Release|Any CPU
		{EC46CFA6-BC8B-4E85-AE64-CA07CB2AE54B}.Release|x86.ActiveCfg = Release|Any CPU
		{EC46CFA6-BC8B-4E85-AE64-CA07CB2AE54B}.Release|x86.Build.0 = Release|Any CPU
		{61BE30E2-AD96-4F94-B222-EC84BBDCD80E}.Debug|Any CPU.ActiveCfg = Debug|Any CPU
		{61BE30E2-AD96-4F94-B222-EC84BBDCD80E}.Debug|Any CPU.Build.0 = Debug|Any CPU
		{61BE30E2-AD96-4F94-B222-EC84BBDCD80E}.Debug|x64.ActiveCfg = Debug|Any CPU
		{61BE30E2-AD96-4F94-B222-EC84BBDCD80E}.Debug|x64.Build.0 = Debug|Any CPU
		{61BE30E2-AD96-4F94-B222-EC84BBDCD80E}.Debug|x86.ActiveCfg = Debug|Any CPU
		{61BE30E2-AD96-4F94-B222-EC84BBDCD80E}.Debug|x86.Build.0 = Debug|Any CPU
		{61BE30E2-AD96-4F94-B222-EC84BBDCD80E}.Release|Any CPU.ActiveCfg = Release|Any CPU
		{61BE30E2-AD96-4F94-B222-EC84BBDCD80E}.Release|Any CPU.Build.0 = Release|Any CPU
		{61BE30E2-AD96-4F94-B222-EC84BBDCD80E}.Release|x64.ActiveCfg = Release|Any CPU
		{61BE30E2-AD96-4F94-B222-EC84BBDCD80E}.Release|x64.Build.0 = Release|Any CPU
		{61BE30E2-AD96-4F94-B222-EC84BBDCD80E}.Release|x86.ActiveCfg = Release|Any CPU
		{61BE30E2-AD96-4F94-B222-EC84BBDCD80E}.Release|x86.Build.0 = Release|Any CPU
		{8C7CC3C5-5E19-4F80-B707-4FD90FE947C8}.Debug|Any CPU.ActiveCfg = Debug|Any CPU
		{8C7CC3C5-5E19-4F80-B707-4FD90FE947C8}.Debug|Any CPU.Build.0 = Debug|Any CPU
		{8C7CC3C5-5E19-4F80-B707-4FD90FE947C8}.Debug|x64.ActiveCfg = Debug|Any CPU
		{8C7CC3C5-5E19-4F80-B707-4FD90FE947C8}.Debug|x64.Build.0 = Debug|Any CPU
		{8C7CC3C5-5E19-4F80-B707-4FD90FE947C8}.Debug|x86.ActiveCfg = Debug|Any CPU
		{8C7CC3C5-5E19-4F80-B707-4FD90FE947C8}.Debug|x86.Build.0 = Debug|Any CPU
		{8C7CC3C5-5E19-4F80-B707-4FD90FE947C8}.Release|Any CPU.ActiveCfg = Release|Any CPU
		{8C7CC3C5-5E19-4F80-B707-4FD90FE947C8}.Release|Any CPU.Build.0 = Release|Any CPU
		{8C7CC3C5-5E19-4F80-B707-4FD90FE947C8}.Release|x64.ActiveCfg = Release|Any CPU
		{8C7CC3C5-5E19-4F80-B707-4FD90FE947C8}.Release|x64.Build.0 = Release|Any CPU
		{8C7CC3C5-5E19-4F80-B707-4FD90FE947C8}.Release|x86.ActiveCfg = Release|Any CPU
		{8C7CC3C5-5E19-4F80-B707-4FD90FE947C8}.Release|x86.Build.0 = Release|Any CPU
		{3D15D051-5A65-42F3-8000-3260F992577C}.Debug|Any CPU.ActiveCfg = Debug|Any CPU
		{3D15D051-5A65-42F3-8000-3260F992577C}.Debug|Any CPU.Build.0 = Debug|Any CPU
		{3D15D051-5A65-42F3-8000-3260F992577C}.Debug|x64.ActiveCfg = Debug|Any CPU
		{3D15D051-5A65-42F3-8000-3260F992577C}.Debug|x64.Build.0 = Debug|Any CPU
		{3D15D051-5A65-42F3-8000-3260F992577C}.Debug|x86.ActiveCfg = Debug|Any CPU
		{3D15D051-5A65-42F3-8000-3260F992577C}.Debug|x86.Build.0 = Debug|Any CPU
		{3D15D051-5A65-42F3-8000-3260F992577C}.Release|Any CPU.ActiveCfg = Release|Any CPU
		{3D15D051-5A65-42F3-8000-3260F992577C}.Release|Any CPU.Build.0 = Release|Any CPU
		{3D15D051-5A65-42F3-8000-3260F992577C}.Release|x64.ActiveCfg = Release|Any CPU
		{3D15D051-5A65-42F3-8000-3260F992577C}.Release|x64.Build.0 = Release|Any CPU
		{3D15D051-5A65-42F3-8000-3260F992577C}.Release|x86.ActiveCfg = Release|Any CPU
		{3D15D051-5A65-42F3-8000-3260F992577C}.Release|x86.Build.0 = Release|Any CPU
		{0F0F279B-60D1-43C3-B8BC-26673365B8C3}.Debug|Any CPU.ActiveCfg = Debug|Any CPU
		{0F0F279B-60D1-43C3-B8BC-26673365B8C3}.Debug|Any CPU.Build.0 = Debug|Any CPU
		{0F0F279B-60D1-43C3-B8BC-26673365B8C3}.Debug|x64.ActiveCfg = Debug|Any CPU
		{0F0F279B-60D1-43C3-B8BC-26673365B8C3}.Debug|x64.Build.0 = Debug|Any CPU
		{0F0F279B-60D1-43C3-B8BC-26673365B8C3}.Debug|x86.ActiveCfg = Debug|Any CPU
		{0F0F279B-60D1-43C3-B8BC-26673365B8C3}.Debug|x86.Build.0 = Debug|Any CPU
		{0F0F279B-60D1-43C3-B8BC-26673365B8C3}.Release|Any CPU.ActiveCfg = Release|Any CPU
		{0F0F279B-60D1-43C3-B8BC-26673365B8C3}.Release|Any CPU.Build.0 = Release|Any CPU
		{0F0F279B-60D1-43C3-B8BC-26673365B8C3}.Release|x64.ActiveCfg = Release|Any CPU
		{0F0F279B-60D1-43C3-B8BC-26673365B8C3}.Release|x64.Build.0 = Release|Any CPU
		{0F0F279B-60D1-43C3-B8BC-26673365B8C3}.Release|x86.ActiveCfg = Release|Any CPU
		{0F0F279B-60D1-43C3-B8BC-26673365B8C3}.Release|x86.Build.0 = Release|Any CPU
	EndGlobalSection
	GlobalSection(SolutionProperties) = preSolution
		HideSolutionNode = FALSE
	EndGlobalSection
	GlobalSection(NestedProjects) = preSolution
		{EC46CFA6-BC8B-4E85-AE64-CA07CB2AE54B} = {1AE8ACA6-933B-BF2A-3671-3E2EAC007D16}
		{61BE30E2-AD96-4F94-B222-EC84BBDCD80E} = {F7E21C50-38C3-3DAB-C982-3FE6F4817CC2}
		{324C61A4-2DCC-AAC7-3099-12B825B52AE3} = {04252BA6-B404-FD3B-81B5-D989EEE58EED}
		{8C7CC3C5-5E19-4F80-B707-4FD90FE947C8} = {324C61A4-2DCC-AAC7-3099-12B825B52AE3}
		{3D15D051-5A65-42F3-8000-3260F992577C} = {324C61A4-2DCC-AAC7-3099-12B825B52AE3}
		{0F0F279B-60D1-43C3-B8BC-26673365B8C3} = {324C61A4-2DCC-AAC7-3099-12B825B52AE3}
	EndGlobalSection
EndGlobal
